
Microsoft Visual Studio Solution File, Format Version 12.00
# Visual Studio 15
VisualStudioVersion = 15.0.27130.2036
MinimumVisualStudioVersion = 10.0.40219.1
Project("{FAE04EC0-301F-11D3-BF4B-00C04F79EFBC}") = "Planiranje", "Planiranje\Planiranje.csproj", "{EC0F9B77-C5EA-47D3-8F28-CDC9A867D106}"
EndProject
Global
	GlobalSection(SolutionConfigurationPlatforms) = preSolution
		Debug|Any CPU = Debug|Any CPU
		Release|Any CPU = Release|Any CPU
	EndGlobalSection
	GlobalSection(ProjectConfigurationPlatforms) = postSolution
		{EC0F9B77-C5EA-47D3-8F28-CDC9A867D106}.Debug|Any CPU.ActiveCfg = Debug|Any CPU
		{EC0F9B77-C5EA-47D3-8F28-CDC9A867D106}.Debug|Any CPU.Build.0 = Debug|Any CPU
		{EC0F9B77-C5EA-47D3-8F28-CDC9A867D106}.Release|Any CPU.ActiveCfg = Release|Any CPU
		{EC0F9B77-C5EA-47D3-8F28-CDC9A867D106}.Release|Any CPU.Build.0 = Release|Any CPU
	EndGlobalSection
	GlobalSection(SolutionProperties) = preSolution
		HideSolutionNode = FALSE
	EndGlobalSection
	GlobalSection(ExtensibilityGlobals) = postSolution
		SolutionGuid = {B1CE8FD2-B615-45A7-A8E2-1D238319D96C}
	EndGlobalSection
EndGlobal
